
Microsoft Visual Studio Solution File, Format Version 12.00
# Visual Studio Version 17
VisualStudioVersion = 17.1.32210.238
MinimumVisualStudioVersion = 10.0.40219.1
Project("{FAE04EC0-301F-11D3-BF4B-00C04F79EFBC}") = "Shopping", "Shopping\Shopping.csproj", "{00668278-529D-4C3B-9E7A-7FD2787EF218}"
EndProject
Global
	GlobalSection(SolutionConfigurationPlatforms) = preSolution
		Debug|Any CPU = Debug|Any CPU
		Release|Any CPU = Release|Any CPU
	EndGlobalSection
	GlobalSection(ProjectConfigurationPlatforms) = postSolution
		{00668278-529D-4C3B-9E7A-7FD2787EF218}.Debug|Any CPU.ActiveCfg = Debug|Any CPU
		{00668278-529D-4C3B-9E7A-7FD2787EF218}.Debug|Any CPU.Build.0 = Debug|Any CPU
		{00668278-529D-4C3B-9E7A-7FD2787EF218}.Release|Any CPU.ActiveCfg = Release|Any CPU
		{00668278-529D-4C3B-9E7A-7FD2787EF218}.Release|Any CPU.Build.0 = Release|Any CPU
	EndGlobalSection
	GlobalSection(SolutionProperties) = preSolution
		HideSolutionNode = FALSE
	EndGlobalSection
	GlobalSection(ExtensibilityGlobals) = postSolution
		SolutionGuid = {C507080C-B0D3-44E3-A0EB-BF1ACE69C87C}
	EndGlobalSection
EndGlobal
